
Microsoft Visual Studio Solution File, Format Version 12.00
# Visual Studio Version 16
VisualStudioVersion = 16.0.32929.386
MinimumVisualStudioVersion = 10.0.40219.1
Project("{FAE04EC0-301F-11D3-BF4B-00C04F79EFBC}") = "proje", "proje.csproj", "{51B5FC21-0AF0-42E3-8753-2F5F2A4C8CD6}"
EndProject
Global
	GlobalSection(SolutionConfigurationPlatforms) = preSolution
		Debug|Any CPU = Debug|Any CPU
		Release|Any CPU = Release|Any CPU
	EndGlobalSection
	GlobalSection(ProjectConfigurationPlatforms) = postSolution
		{51B5FC21-0AF0-42E3-8753-2F5F2A4C8CD6}.Debug|Any CPU.ActiveCfg = Debug|Any CPU
		{51B5FC21-0AF0-42E3-8753-2F5F2A4C8CD6}.Debug|Any CPU.Build.0 = Debug|Any CPU
		{51B5FC21-0AF0-42E3-8753-2F5F2A4C8CD6}.Release|Any CPU.ActiveCfg = Release|Any CPU
		{51B5FC21-0AF0-42E3-8753-2F5F2A4C8CD6}.Release|Any CPU.Build.0 = Release|Any CPU
	EndGlobalSection
	GlobalSection(SolutionProperties) = preSolution
		HideSolutionNode = FALSE
	EndGlobalSection
	GlobalSection(ExtensibilityGlobals) = postSolution
		SolutionGuid = {926C3848-9A0B-42B9-B6D3-285909BC7850}
	EndGlobalSection
EndGlobal
